
Microsoft Visual Studio Solution File, Format Version 12.00
# Visual Studio 14
VisualStudioVersion = 14.0.25008.0
MinimumVisualStudioVersion = 10.0.40219.1
Project("{FAE04EC0-301F-11D3-BF4B-00C04F79EFBC}") = "Plot3D.Mobile.Droid", "Plot3D.Mobile\Plot3D.Mobile.Droid\Plot3D.Mobile.Droid.csproj", "{A2D0026A-F355-47F5-94E9-A768D00DDB2C}"
EndProject
Project("{FAE04EC0-301F-11D3-BF4B-00C04F79EFBC}") = "Plot3D.Mobile.iOS", "Plot3D.Mobile\Plot3D.Mobile.iOS\Plot3D.Mobile.iOS.csproj", "{49B2610E-9253-427B-9C7D-104D945F4F0A}"
EndProject
Project("{FAE04EC0-301F-11D3-BF4B-00C04F79EFBC}") = "Plot3D.Mobile.WinPhone", "Plot3D.Mobile\Plot3D.Mobile.WinPhone\Plot3D.Mobile.WinPhone.csproj", "{B1E7EAC7-F9DC-49B6-A506-C6BCC01D2CEB}"
EndProject
Project("{FAE04EC0-301F-11D3-BF4B-00C04F79EFBC}") = "Plot3D.Mobile.UWP", "Plot3D.Mobile\Plot3D.Mobile.UWP\Plot3D.Mobile.UWP.csproj", "{D43FAAA4-DD89-431F-9B00-10F6313E7742}"
EndProject
Project("{FAE04EC0-301F-11D3-BF4B-00C04F79EFBC}") = "Plot3D.Mobile.Windows", "Plot3D.Mobile\Plot3D.Mobile.Windows\Plot3D.Mobile.Windows.csproj", "{F487A96B-BA0D-4484-BF0E-9D3B4733C32C}"
EndProject
Project("{D954291E-2A0B-460D-934E-DC6B0785DB48}") = "Plot3D.Mobile", "Plot3D.Mobile\Plot3D.Mobile\Plot3D.Mobile.shproj", "{90BD6B78-CD17-466D-BB5A-5055C7D84200}"
EndProject
Project("{FAE04EC0-301F-11D3-BF4B-00C04F79EFBC}") = "Plot3D.Test", "Plot3D.Test\Plot3D.Test.csproj", "{078473A6-F57E-462F-946C-8E6F9221A77B}"
EndProject
Project("{FAE04EC0-301F-11D3-BF4B-00C04F79EFBC}") = "Math3D", "Math3D\Math3D.csproj", "{67F9D3A8-F71E-4428-913F-C37AE82CDB24}"
	ProjectSection(ProjectDependencies) = postProject
		{5F720DFA-4041-4A4D-85FE-767067068532} = {5F720DFA-4041-4A4D-85FE-767067068532}
	EndProjectSection
EndProject
Project("{FAE04EC0-301F-11D3-BF4B-00C04F79EFBC}") = "StandardLibrary", "StandardLibrary\StandardLibrary.csproj", "{5F720DFA-4041-4A4D-85FE-767067068532}"
EndProject
Project("{FAE04EC0-301F-11D3-BF4B-00C04F79EFBC}") = "Plot3D.WPF", "Plot3D.WPF\Plot3D.WPF.csproj", "{53CBEE22-B827-4425-9251-5D6DCA979CC6}"
EndProject
Global
	GlobalSection(SharedMSBuildProjectFiles) = preSolution
		Plot3D.Mobile\Plot3D.Mobile\Plot3D.Mobile.projitems*{b1e7eac7-f9dc-49b6-a506-c6bcc01d2ceb}*SharedItemsImports = 4
		Plot3D.Mobile\Plot3D.Mobile\Plot3D.Mobile.projitems*{49b2610e-9253-427b-9c7d-104d945f4f0a}*SharedItemsImports = 4
		Plot3D.Mobile\Plot3D.Mobile\Plot3D.Mobile.projitems*{f487a96b-ba0d-4484-bf0e-9d3b4733c32c}*SharedItemsImports = 4
		Plot3D.Mobile\Plot3D.Mobile\Plot3D.Mobile.projitems*{a2d0026a-f355-47f5-94e9-a768d00ddb2c}*SharedItemsImports = 4
		Plot3D.Mobile\Plot3D.Mobile\Plot3D.Mobile.projitems*{90bd6b78-cd17-466d-bb5a-5055c7d84200}*SharedItemsImports = 13
		Plot3D.Mobile\Plot3D.Mobile\Plot3D.Mobile.projitems*{d43faaa4-dd89-431f-9b00-10f6313e7742}*SharedItemsImports = 4
	EndGlobalSection
	GlobalSection(SolutionConfigurationPlatforms) = preSolution
		Ad-Hoc|Any CPU = Ad-Hoc|Any CPU
		Ad-Hoc|ARM = Ad-Hoc|ARM
		Ad-Hoc|iPhone = Ad-Hoc|iPhone
		Ad-Hoc|iPhoneSimulator = Ad-Hoc|iPhoneSimulator
		Ad-Hoc|x64 = Ad-Hoc|x64
		Ad-Hoc|x86 = Ad-Hoc|x86
		AppStore|Any CPU = AppStore|Any CPU
		AppStore|ARM = AppStore|ARM
		AppStore|iPhone = AppStore|iPhone
		AppStore|iPhoneSimulator = AppStore|iPhoneSimulator
		AppStore|x64 = AppStore|x64
		AppStore|x86 = AppStore|x86
		Debug|Any CPU = Debug|Any CPU
		Debug|ARM = Debug|ARM
		Debug|iPhone = Debug|iPhone
		Debug|iPhoneSimulator = Debug|iPhoneSimulator
		Debug|x64 = Debug|x64
		Debug|x86 = Debug|x86
		Release|Any CPU = Release|Any CPU
		Release|ARM = Release|ARM
		Release|iPhone = Release|iPhone
		Release|iPhoneSimulator = Release|iPhoneSimulator
		Release|x64 = Release|x64
		Release|x86 = Release|x86
	EndGlobalSection
	GlobalSection(ProjectConfigurationPlatforms) = postSolution
		{A2D0026A-F355-47F5-94E9-A768D00DDB2C}.Ad-Hoc|Any CPU.ActiveCfg = Release|Any CPU
		{A2D0026A-F355-47F5-94E9-A768D00DDB2C}.Ad-Hoc|Any CPU.Build.0 = Release|Any CPU
		{A2D0026A-F355-47F5-94E9-A768D00DDB2C}.Ad-Hoc|Any CPU.Deploy.0 = Release|Any CPU
		{A2D0026A-F355-47F5-94E9-A768D00DDB2C}.Ad-Hoc|ARM.ActiveCfg = Release|Any CPU
		{A2D0026A-F355-47F5-94E9-A768D00DDB2C}.Ad-Hoc|ARM.Build.0 = Release|Any CPU
		{A2D0026A-F355-47F5-94E9-A768D00DDB2C}.Ad-Hoc|ARM.Deploy.0 = Release|Any CPU
		{A2D0026A-F355-47F5-94E9-A768D00DDB2C}.Ad-Hoc|iPhone.ActiveCfg = Release|Any CPU
		{A2D0026A-F355-47F5-94E9-A768D00DDB2C}.Ad-Hoc|iPhone.Build.0 = Release|Any CPU
		{A2D0026A-F355-47F5-94E9-A768D00DDB2C}.Ad-Hoc|iPhone.Deploy.0 = Release|Any CPU
		{A2D0026A-F355-47F5-94E9-A768D00DDB2C}.Ad-Hoc|iPhoneSimulator.ActiveCfg = Release|Any CPU
		{A2D0026A-F355-47F5-94E9-A768D00DDB2C}.Ad-Hoc|iPhoneSimulator.Build.0 = Release|Any CPU
		{A2D0026A-F355-47F5-94E9-A768D00DDB2C}.Ad-Hoc|iPhoneSimulator.Deploy.0 = Release|Any CPU
		{A2D0026A-F355-47F5-94E9-A768D00DDB2C}.Ad-Hoc|x64.ActiveCfg = Release|Any CPU
		{A2D0026A-F355-47F5-94E9-A768D00DDB2C}.Ad-Hoc|x64.Build.0 = Release|Any CPU
		{A2D0026A-F355-47F5-94E9-A768D00DDB2C}.Ad-Hoc|x64.Deploy.0 = Release|Any CPU
		{A2D0026A-F355-47F5-94E9-A768D00DDB2C}.Ad-Hoc|x86.ActiveCfg = Release|Any CPU
		{A2D0026A-F355-47F5-94E9-A768D00DDB2C}.Ad-Hoc|x86.Build.0 = Release|Any CPU
		{A2D0026A-F355-47F5-94E9-A768D00DDB2C}.Ad-Hoc|x86.Deploy.0 = Release|Any CPU
		{A2D0026A-F355-47F5-94E9-A768D00DDB2C}.AppStore|Any CPU.ActiveCfg = Release|Any CPU
		{A2D0026A-F355-47F5-94E9-A768D00DDB2C}.AppStore|Any CPU.Build.0 = Release|Any CPU
		{A2D0026A-F355-47F5-94E9-A768D00DDB2C}.AppStore|Any CPU.Deploy.0 = Release|Any CPU
		{A2D0026A-F355-47F5-94E9-A768D00DDB2C}.AppStore|ARM.ActiveCfg = Release|Any CPU
		{A2D0026A-F355-47F5-94E9-A768D00DDB2C}.AppStore|ARM.Build.0 = Release|Any CPU
		{A2D0026A-F355-47F5-94E9-A768D00DDB2C}.AppStore|ARM.Deploy.0 = Release|Any CPU
		{A2D0026A-F355-47F5-94E9-A768D00DDB2C}.AppStore|iPhone.ActiveCfg = Release|Any CPU
		{A2D0026A-F355-47F5-94E9-A768D00DDB2C}.AppStore|iPhone.Build.0 = Release|Any CPU
		{A2D0026A-F355-47F5-94E9-A768D00DDB2C}.AppStore|iPhone.Deploy.0 = Release|Any CPU
		{A2D0026A-F355-47F5-94E9-A768D00DDB2C}.AppStore|iPhoneSimulator.ActiveCfg = Release|Any CPU
		{A2D0026A-F355-47F5-94E9-A768D00DDB2C}.AppStore|iPhoneSimulator.Build.0 = Release|Any CPU
		{A2D0026A-F355-47F5-94E9-A768D00DDB2C}.AppStore|iPhoneSimulator.Deploy.0 = Release|Any CPU
		{A2D0026A-F355-47F5-94E9-A768D00DDB2C}.AppStore|x64.ActiveCfg = Release|Any CPU
		{A2D0026A-F355-47F5-94E9-A768D00DDB2C}.AppStore|x64.Build.0 = Release|Any CPU
		{A2D0026A-F355-47F5-94E9-A768D00DDB2C}.AppStore|x64.Deploy.0 = Release|Any CPU
		{A2D0026A-F355-47F5-94E9-A768D00DDB2C}.AppStore|x86.ActiveCfg = Release|Any CPU
		{A2D0026A-F355-47F5-94E9-A768D00DDB2C}.AppStore|x86.Build.0 = Release|Any CPU
		{A2D0026A-F355-47F5-94E9-A768D00DDB2C}.AppStore|x86.Deploy.0 = Release|Any CPU
		{A2D0026A-F355-47F5-94E9-A768D00DDB2C}.Debug|Any CPU.ActiveCfg = Debug|Any CPU
		{A2D0026A-F355-47F5-94E9-A768D00DDB2C}.Debug|Any CPU.Build.0 = Debug|Any CPU
		{A2D0026A-F355-47F5-94E9-A768D00DDB2C}.Debug|Any CPU.Deploy.0 = Debug|Any CPU
		{A2D0026A-F355-47F5-94E9-A768D00DDB2C}.Debug|ARM.ActiveCfg = Debug|Any CPU
		{A2D0026A-F355-47F5-94E9-A768D00DDB2C}.Debug|ARM.Build.0 = Debug|Any CPU
		{A2D0026A-F355-47F5-94E9-A768D00DDB2C}.Debug|ARM.Deploy.0 = Debug|Any CPU
		{A2D0026A-F355-47F5-94E9-A768D00DDB2C}.Debug|iPhone.ActiveCfg = Debug|Any CPU
		{A2D0026A-F355-47F5-94E9-A768D00DDB2C}.Debug|iPhone.Build.0 = Debug|Any CPU
		{A2D0026A-F355-47F5-94E9-A768D00DDB2C}.Debug|iPhone.Deploy.0 = Debug|Any CPU
		{A2D0026A-F355-47F5-94E9-A768D00DDB2C}.Debug|iPhoneSimulator.ActiveCfg = Debug|Any CPU
		{A2D0026A-F355-47F5-94E9-A768D00DDB2C}.Debug|iPhoneSimulator.Build.0 = Debug|Any CPU
		{A2D0026A-F355-47F5-94E9-A768D00DDB2C}.Debug|iPhoneSimulator.Deploy.0 = Debug|Any CPU
		{A2D0026A-F355-47F5-94E9-A768D00DDB2C}.Debug|x64.ActiveCfg = Debug|Any CPU
		{A2D0026A-F355-47F5-94E9-A768D00DDB2C}.Debug|x64.Build.0 = Debug|Any CPU
		{A2D0026A-F355-47F5-94E9-A768D00DDB2C}.Debug|x64.Deploy.0 = Debug|Any CPU
		{A2D0026A-F355-47F5-94E9-A768D00DDB2C}.Debug|x86.ActiveCfg = Debug|Any CPU
		{A2D0026A-F355-47F5-94E9-A768D00DDB2C}.Debug|x86.Build.0 = Debug|Any CPU
		{A2D0026A-F355-47F5-94E9-A768D00DDB2C}.Debug|x86.Deploy.0 = Debug|Any CPU
		{A2D0026A-F355-47F5-94E9-A768D00DDB2C}.Release|Any CPU.ActiveCfg = Release|Any CPU
		{A2D0026A-F355-47F5-94E9-A768D00DDB2C}.Release|Any CPU.Build.0 = Release|Any CPU
		{A2D0026A-F355-47F5-94E9-A768D00DDB2C}.Release|Any CPU.Deploy.0 = Release|Any CPU
		{A2D0026A-F355-47F5-94E9-A768D00DDB2C}.Release|ARM.ActiveCfg = Release|Any CPU
		{A2D0026A-F355-47F5-94E9-A768D00DDB2C}.Release|ARM.Build.0 = Release|Any CPU
		{A2D0026A-F355-47F5-94E9-A768D00DDB2C}.Release|ARM.Deploy.0 = Release|Any CPU
		{A2D0026A-F355-47F5-94E9-A768D00DDB2C}.Release|iPhone.ActiveCfg = Release|Any CPU
		{A2D0026A-F355-47F5-94E9-A768D00DDB2C}.Release|iPhone.Build.0 = Release|Any CPU
		{A2D0026A-F355-47F5-94E9-A768D00DDB2C}.Release|iPhone.Deploy.0 = Release|Any CPU
		{A2D0026A-F355-47F5-94E9-A768D00DDB2C}.Release|iPhoneSimulator.ActiveCfg = Release|Any CPU
		{A2D0026A-F355-47F5-94E9-A768D00DDB2C}.Release|iPhoneSimulator.Build.0 = Release|Any CPU
		{A2D0026A-F355-47F5-94E9-A768D00DDB2C}.Release|iPhoneSimulator.Deploy.0 = Release|Any CPU
		{A2D0026A-F355-47F5-94E9-A768D00DDB2C}.Release|x64.ActiveCfg = Release|Any CPU
		{A2D0026A-F355-47F5-94E9-A768D00DDB2C}.Release|x64.Build.0 = Release|Any CPU
		{A2D0026A-F355-47F5-94E9-A768D00DDB2C}.Release|x64.Deploy.0 = Release|Any CPU
		{A2D0026A-F355-47F5-94E9-A768D00DDB2C}.Release|x86.ActiveCfg = Release|Any CPU
		{A2D0026A-F355-47F5-94E9-A768D00DDB2C}.Release|x86.Build.0 = Release|Any CPU
		{A2D0026A-F355-47F5-94E9-A768D00DDB2C}.Release|x86.Deploy.0 = Release|Any CPU
		{49B2610E-9253-427B-9C7D-104D945F4F0A}.Ad-Hoc|Any CPU.ActiveCfg = Ad-Hoc|iPhone
		{49B2610E-9253-427B-9C7D-104D945F4F0A}.Ad-Hoc|ARM.ActiveCfg = Ad-Hoc|iPhone
		{49B2610E-9253-427B-9C7D-104D945F4F0A}.Ad-Hoc|iPhone.ActiveCfg = Ad-Hoc|iPhone
		{49B2610E-9253-427B-9C7D-104D945F4F0A}.Ad-Hoc|iPhone.Build.0 = Ad-Hoc|iPhone
		{49B2610E-9253-427B-9C7D-104D945F4F0A}.Ad-Hoc|iPhoneSimulator.ActiveCfg = Ad-Hoc|iPhoneSimulator
		{49B2610E-9253-427B-9C7D-104D945F4F0A}.Ad-Hoc|iPhoneSimulator.Build.0 = Ad-Hoc|iPhoneSimulator
		{49B2610E-9253-427B-9C7D-104D945F4F0A}.Ad-Hoc|x64.ActiveCfg = Ad-Hoc|iPhone
		{49B2610E-9253-427B-9C7D-104D945F4F0A}.Ad-Hoc|x86.ActiveCfg = Ad-Hoc|iPhone
		{49B2610E-9253-427B-9C7D-104D945F4F0A}.AppStore|Any CPU.ActiveCfg = AppStore|iPhone
		{49B2610E-9253-427B-9C7D-104D945F4F0A}.AppStore|ARM.ActiveCfg = AppStore|iPhone
		{49B2610E-9253-427B-9C7D-104D945F4F0A}.AppStore|iPhone.ActiveCfg = AppStore|iPhone
		{49B2610E-9253-427B-9C7D-104D945F4F0A}.AppStore|iPhone.Build.0 = AppStore|iPhone
		{49B2610E-9253-427B-9C7D-104D945F4F0A}.AppStore|iPhoneSimulator.ActiveCfg = AppStore|iPhoneSimulator
		{49B2610E-9253-427B-9C7D-104D945F4F0A}.AppStore|iPhoneSimulator.Build.0 = AppStore|iPhoneSimulator
		{49B2610E-9253-427B-9C7D-104D945F4F0A}.AppStore|x64.ActiveCfg = AppStore|iPhone
		{49B2610E-9253-427B-9C7D-104D945F4F0A}.AppStore|x86.ActiveCfg = AppStore|iPhone
		{49B2610E-9253-427B-9C7D-104D945F4F0A}.Debug|Any CPU.ActiveCfg = Debug|iPhone
		{49B2610E-9253-427B-9C7D-104D945F4F0A}.Debug|ARM.ActiveCfg = Debug|iPhone
		{49B2610E-9253-427B-9C7D-104D945F4F0A}.Debug|iPhone.ActiveCfg = Debug|iPhone
		{49B2610E-9253-427B-9C7D-104D945F4F0A}.Debug|iPhone.Build.0 = Debug|iPhone
		{49B2610E-9253-427B-9C7D-104D945F4F0A}.Debug|iPhoneSimulator.ActiveCfg = Debug|iPhoneSimulator
		{49B2610E-9253-427B-9C7D-104D945F4F0A}.Debug|iPhoneSimulator.Build.0 = Debug|iPhoneSimulator
		{49B2610E-9253-427B-9C7D-104D945F4F0A}.Debug|x64.ActiveCfg = Debug|iPhone
		{49B2610E-9253-427B-9C7D-104D945F4F0A}.Debug|x86.ActiveCfg = Debug|iPhone
		{49B2610E-9253-427B-9C7D-104D945F4F0A}.Release|Any CPU.ActiveCfg = Release|iPhone
		{49B2610E-9253-427B-9C7D-104D945F4F0A}.Release|ARM.ActiveCfg = Release|iPhone
		{49B2610E-9253-427B-9C7D-104D945F4F0A}.Release|iPhone.ActiveCfg = Release|iPhone
		{49B2610E-9253-427B-9C7D-104D945F4F0A}.Release|iPhone.Build.0 = Release|iPhone
		{49B2610E-9253-427B-9C7D-104D945F4F0A}.Release|iPhoneSimulator.ActiveCfg = Release|iPhoneSimulator
		{49B2610E-9253-427B-9C7D-104D945F4F0A}.Release|iPhoneSimulator.Build.0 = Release|iPhoneSimulator
		{49B2610E-9253-427B-9C7D-104D945F4F0A}.Release|x64.ActiveCfg = Release|iPhone
		{49B2610E-9253-427B-9C7D-104D945F4F0A}.Release|x86.ActiveCfg = Release|iPhone
		{B1E7EAC7-F9DC-49B6-A506-C6BCC01D2CEB}.Ad-Hoc|Any CPU.ActiveCfg = Release|Any CPU
		{B1E7EAC7-F9DC-49B6-A506-C6BCC01D2CEB}.Ad-Hoc|Any CPU.Build.0 = Release|Any CPU
		{B1E7EAC7-F9DC-49B6-A506-C6BCC01D2CEB}.Ad-Hoc|Any CPU.Deploy.0 = Release|Any CPU
		{B1E7EAC7-F9DC-49B6-A506-C6BCC01D2CEB}.Ad-Hoc|ARM.ActiveCfg = Release|ARM
		{B1E7EAC7-F9DC-49B6-A506-C6BCC01D2CEB}.Ad-Hoc|ARM.Build.0 = Release|ARM
		{B1E7EAC7-F9DC-49B6-A506-C6BCC01D2CEB}.Ad-Hoc|ARM.Deploy.0 = Release|ARM
		{B1E7EAC7-F9DC-49B6-A506-C6BCC01D2CEB}.Ad-Hoc|iPhone.ActiveCfg = Release|Any CPU
		{B1E7EAC7-F9DC-49B6-A506-C6BCC01D2CEB}.Ad-Hoc|iPhone.Build.0 = Release|Any CPU
		{B1E7EAC7-F9DC-49B6-A506-C6BCC01D2CEB}.Ad-Hoc|iPhone.Deploy.0 = Release|Any CPU
		{B1E7EAC7-F9DC-49B6-A506-C6BCC01D2CEB}.Ad-Hoc|iPhoneSimulator.ActiveCfg = Release|Any CPU
		{B1E7EAC7-F9DC-49B6-A506-C6BCC01D2CEB}.Ad-Hoc|iPhoneSimulator.Build.0 = Release|Any CPU
		{B1E7EAC7-F9DC-49B6-A506-C6BCC01D2CEB}.Ad-Hoc|iPhoneSimulator.Deploy.0 = Release|Any CPU
		{B1E7EAC7-F9DC-49B6-A506-C6BCC01D2CEB}.Ad-Hoc|x64.ActiveCfg = Release|Any CPU
		{B1E7EAC7-F9DC-49B6-A506-C6BCC01D2CEB}.Ad-Hoc|x64.Build.0 = Release|Any CPU
		{B1E7EAC7-F9DC-49B6-A506-C6BCC01D2CEB}.Ad-Hoc|x64.Deploy.0 = Release|Any CPU
		{B1E7EAC7-F9DC-49B6-A506-C6BCC01D2CEB}.Ad-Hoc|x86.ActiveCfg = Release|x86
		{B1E7EAC7-F9DC-49B6-A506-C6BCC01D2CEB}.Ad-Hoc|x86.Build.0 = Release|x86
		{B1E7EAC7-F9DC-49B6-A506-C6BCC01D2CEB}.Ad-Hoc|x86.Deploy.0 = Release|x86
		{B1E7EAC7-F9DC-49B6-A506-C6BCC01D2CEB}.AppStore|Any CPU.ActiveCfg = Release|Any CPU
		{B1E7EAC7-F9DC-49B6-A506-C6BCC01D2CEB}.AppStore|Any CPU.Build.0 = Release|Any CPU
		{B1E7EAC7-F9DC-49B6-A506-C6BCC01D2CEB}.AppStore|Any CPU.Deploy.0 = Release|Any CPU
		{B1E7EAC7-F9DC-49B6-A506-C6BCC01D2CEB}.AppStore|ARM.ActiveCfg = Release|ARM
		{B1E7EAC7-F9DC-49B6-A506-C6BCC01D2CEB}.AppStore|ARM.Build.0 = Release|ARM
		{B1E7EAC7-F9DC-49B6-A506-C6BCC01D2CEB}.AppStore|ARM.Deploy.0 = Release|ARM
		{B1E7EAC7-F9DC-49B6-A506-C6BCC01D2CEB}.AppStore|iPhone.ActiveCfg = Release|Any CPU
		{B1E7EAC7-F9DC-49B6-A506-C6BCC01D2CEB}.AppStore|iPhone.Build.0 = Release|Any CPU
		{B1E7EAC7-F9DC-49B6-A506-C6BCC01D2CEB}.AppStore|iPhone.Deploy.0 = Release|Any CPU
		{B1E7EAC7-F9DC-49B6-A506-C6BCC01D2CEB}.AppStore|iPhoneSimulator.ActiveCfg = Release|Any CPU
		{B1E7EAC7-F9DC-49B6-A506-C6BCC01D2CEB}.AppStore|iPhoneSimulator.Build.0 = Release|Any CPU
		{B1E7EAC7-F9DC-49B6-A506-C6BCC01D2CEB}.AppStore|iPhoneSimulator.Deploy.0 = Release|Any CPU
		{B1E7EAC7-F9DC-49B6-A506-C6BCC01D2CEB}.AppStore|x64.ActiveCfg = Release|Any CPU
		{B1E7EAC7-F9DC-49B6-A506-C6BCC01D2CEB}.AppStore|x64.Build.0 = Release|Any CPU
		{B1E7EAC7-F9DC-49B6-A506-C6BCC01D2CEB}.AppStore|x64.Deploy.0 = Release|Any CPU
		{B1E7EAC7-F9DC-49B6-A506-C6BCC01D2CEB}.AppStore|x86.ActiveCfg = Release|x86
		{B1E7EAC7-F9DC-49B6-A506-C6BCC01D2CEB}.AppStore|x86.Build.0 = Release|x86
		{B1E7EAC7-F9DC-49B6-A506-C6BCC01D2CEB}.AppStore|x86.Deploy.0 = Release|x86
		{B1E7EAC7-F9DC-49B6-A506-C6BCC01D2CEB}.Debug|Any CPU.ActiveCfg = Debug|Any CPU
		{B1E7EAC7-F9DC-49B6-A506-C6BCC01D2CEB}.Debug|Any CPU.Build.0 = Debug|Any CPU
		{B1E7EAC7-F9DC-49B6-A506-C6BCC01D2CEB}.Debug|Any CPU.Deploy.0 = Debug|Any CPU
		{B1E7EAC7-F9DC-49B6-A506-C6BCC01D2CEB}.Debug|ARM.ActiveCfg = Debug|ARM
		{B1E7EAC7-F9DC-49B6-A506-C6BCC01D2CEB}.Debug|ARM.Build.0 = Debug|ARM
		{B1E7EAC7-F9DC-49B6-A506-C6BCC01D2CEB}.Debug|ARM.Deploy.0 = Debug|ARM
		{B1E7EAC7-F9DC-49B6-A506-C6BCC01D2CEB}.Debug|iPhone.ActiveCfg = Debug|Any CPU
		{B1E7EAC7-F9DC-49B6-A506-C6BCC01D2CEB}.Debug|iPhone.Build.0 = Debug|Any CPU
		{B1E7EAC7-F9DC-49B6-A506-C6BCC01D2CEB}.Debug|iPhone.Deploy.0 = Debug|Any CPU
		{B1E7EAC7-F9DC-49B6-A506-C6BCC01D2CEB}.Debug|iPhoneSimulator.ActiveCfg = Debug|Any CPU
		{B1E7EAC7-F9DC-49B6-A506-C6BCC01D2CEB}.Debug|iPhoneSimulator.Build.0 = Debug|Any CPU
		{B1E7EAC7-F9DC-49B6-A506-C6BCC01D2CEB}.Debug|iPhoneSimulator.Deploy.0 = Debug|Any CPU
		{B1E7EAC7-F9DC-49B6-A506-C6BCC01D2CEB}.Debug|x64.ActiveCfg = Debug|Any CPU
		{B1E7EAC7-F9DC-49B6-A506-C6BCC01D2CEB}.Debug|x64.Build.0 = Debug|Any CPU
		{B1E7EAC7-F9DC-49B6-A506-C6BCC01D2CEB}.Debug|x64.Deploy.0 = Debug|Any CPU
		{B1E7EAC7-F9DC-49B6-A506-C6BCC01D2CEB}.Debug|x86.ActiveCfg = Debug|x86
		{B1E7EAC7-F9DC-49B6-A506-C6BCC01D2CEB}.Debug|x86.Build.0 = Debug|x86
		{B1E7EAC7-F9DC-49B6-A506-C6BCC01D2CEB}.Debug|x86.Deploy.0 = Debug|x86
		{B1E7EAC7-F9DC-49B6-A506-C6BCC01D2CEB}.Release|Any CPU.ActiveCfg = Release|Any CPU
		{B1E7EAC7-F9DC-49B6-A506-C6BCC01D2CEB}.Release|Any CPU.Build.0 = Release|Any CPU
		{B1E7EAC7-F9DC-49B6-A506-C6BCC01D2CEB}.Release|Any CPU.Deploy.0 = Release|Any CPU
		{B1E7EAC7-F9DC-49B6-A506-C6BCC01D2CEB}.Release|ARM.ActiveCfg = Release|ARM
		{B1E7EAC7-F9DC-49B6-A506-C6BCC01D2CEB}.Release|ARM.Build.0 = Release|ARM
		{B1E7EAC7-F9DC-49B6-A506-C6BCC01D2CEB}.Release|ARM.Deploy.0 = Release|ARM
		{B1E7EAC7-F9DC-49B6-A506-C6BCC01D2CEB}.Release|iPhone.ActiveCfg = Release|Any CPU
		{B1E7EAC7-F9DC-49B6-A506-C6BCC01D2CEB}.Release|iPhone.Build.0 = Release|Any CPU
		{B1E7EAC7-F9DC-49B6-A506-C6BCC01D2CEB}.Release|iPhone.Deploy.0 = Release|Any CPU
		{B1E7EAC7-F9DC-49B6-A506-C6BCC01D2CEB}.Release|iPhoneSimulator.ActiveCfg = Release|Any CPU
		{B1E7EAC7-F9DC-49B6-A506-C6BCC01D2CEB}.Release|iPhoneSimulator.Build.0 = Release|Any CPU
		{B1E7EAC7-F9DC-49B6-A506-C6BCC01D2CEB}.Release|iPhoneSimulator.Deploy.0 = Release|Any CPU
		{B1E7EAC7-F9DC-49B6-A506-C6BCC01D2CEB}.Release|x64.ActiveCfg = Release|Any CPU
		{B1E7EAC7-F9DC-49B6-A506-C6BCC01D2CEB}.Release|x64.Build.0 = Release|Any CPU
		{B1E7EAC7-F9DC-49B6-A506-C6BCC01D2CEB}.Release|x64.Deploy.0 = Release|Any CPU
		{B1E7EAC7-F9DC-49B6-A506-C6BCC01D2CEB}.Release|x86.ActiveCfg = Release|x86
		{B1E7EAC7-F9DC-49B6-A506-C6BCC01D2CEB}.Release|x86.Build.0 = Release|x86
		{B1E7EAC7-F9DC-49B6-A506-C6BCC01D2CEB}.Release|x86.Deploy.0 = Release|x86
		{D43FAAA4-DD89-431F-9B00-10F6313E7742}.Ad-Hoc|Any CPU.ActiveCfg = Release|x86
		{D43FAAA4-DD89-431F-9B00-10F6313E7742}.Ad-Hoc|Any CPU.Build.0 = Release|x86
		{D43FAAA4-DD89-431F-9B00-10F6313E7742}.Ad-Hoc|Any CPU.Deploy.0 = Release|x86
		{D43FAAA4-DD89-431F-9B00-10F6313E7742}.Ad-Hoc|ARM.ActiveCfg = Release|ARM
		{D43FAAA4-DD89-431F-9B00-10F6313E7742}.Ad-Hoc|ARM.Build.0 = Release|ARM
		{D43FAAA4-DD89-431F-9B00-10F6313E7742}.Ad-Hoc|ARM.Deploy.0 = Release|ARM
		{D43FAAA4-DD89-431F-9B00-10F6313E7742}.Ad-Hoc|iPhone.ActiveCfg = Release|x86
		{D43FAAA4-DD89-431F-9B00-10F6313E7742}.Ad-Hoc|iPhone.Build.0 = Release|x86
		{D43FAAA4-DD89-431F-9B00-10F6313E7742}.Ad-Hoc|iPhone.Deploy.0 = Release|x86
		{D43FAAA4-DD89-431F-9B00-10F6313E7742}.Ad-Hoc|iPhoneSimulator.ActiveCfg = Release|x86
		{D43FAAA4-DD89-431F-9B00-10F6313E7742}.Ad-Hoc|iPhoneSimulator.Build.0 = Release|x86
		{D43FAAA4-DD89-431F-9B00-10F6313E7742}.Ad-Hoc|iPhoneSimulator.Deploy.0 = Release|x86
		{D43FAAA4-DD89-431F-9B00-10F6313E7742}.Ad-Hoc|x64.ActiveCfg = Release|x64
		{D43FAAA4-DD89-431F-9B00-10F6313E7742}.Ad-Hoc|x64.Build.0 = Release|x64
		{D43FAAA4-DD89-431F-9B00-10F6313E7742}.Ad-Hoc|x64.Deploy.0 = Release|x64
		{D43FAAA4-DD89-431F-9B00-10F6313E7742}.Ad-Hoc|x86.ActiveCfg = Release|x86
		{D43FAAA4-DD89-431F-9B00-10F6313E7742}.Ad-Hoc|x86.Build.0 = Release|x86
		{D43FAAA4-DD89-431F-9B00-10F6313E7742}.Ad-Hoc|x86.Deploy.0 = Release|x86
		{D43FAAA4-DD89-431F-9B00-10F6313E7742}.AppStore|Any CPU.ActiveCfg = Release|x86
		{D43FAAA4-DD89-431F-9B00-10F6313E7742}.AppStore|Any CPU.Build.0 = Release|x86
		{D43FAAA4-DD89-431F-9B00-10F6313E7742}.AppStore|Any CPU.Deploy.0 = Release|x86
		{D43FAAA4-DD89-431F-9B00-10F6313E7742}.AppStore|ARM.ActiveCfg = Release|ARM
		{D43FAAA4-DD89-431F-9B00-10F6313E7742}.AppStore|ARM.Build.0 = Release|ARM
		{D43FAAA4-DD89-431F-9B00-10F6313E7742}.AppStore|ARM.Deploy.0 = Release|ARM
		{D43FAAA4-DD89-431F-9B00-10F6313E7742}.AppStore|iPhone.ActiveCfg = Release|x86
		{D43FAAA4-DD89-431F-9B00-10F6313E7742}.AppStore|iPhone.Build.0 = Release|x86
		{D43FAAA4-DD89-431F-9B00-10F6313E7742}.AppStore|iPhone.Deploy.0 = Release|x86
		{D43FAAA4-DD89-431F-9B00-10F6313E7742}.AppStore|iPhoneSimulator.ActiveCfg = Release|x86
		{D43FAAA4-DD89-431F-9B00-10F6313E7742}.AppStore|iPhoneSimulator.Build.0 = Release|x86
		{D43FAAA4-DD89-431F-9B00-10F6313E7742}.AppStore|iPhoneSimulator.Deploy.0 = Release|x86
		{D43FAAA4-DD89-431F-9B00-10F6313E7742}.AppStore|x64.ActiveCfg = Release|x64
		{D43FAAA4-DD89-431F-9B00-10F6313E7742}.AppStore|x64.Build.0 = Release|x64
		{D43FAAA4-DD89-431F-9B00-10F6313E7742}.AppStore|x64.Deploy.0 = Release|x64
		{D43FAAA4-DD89-431F-9B00-10F6313E7742}.AppStore|x86.ActiveCfg = Release|x86
		{D43FAAA4-DD89-431F-9B00-10F6313E7742}.AppStore|x86.Build.0 = Release|x86
		{D43FAAA4-DD89-431F-9B00-10F6313E7742}.AppStore|x86.Deploy.0 = Release|x86
		{D43FAAA4-DD89-431F-9B00-10F6313E7742}.Debug|Any CPU.ActiveCfg = Debug|x86
		{D43FAAA4-DD89-431F-9B00-10F6313E7742}.Debug|ARM.ActiveCfg = Debug|ARM
		{D43FAAA4-DD89-431F-9B00-10F6313E7742}.Debug|ARM.Build.0 = Debug|ARM
		{D43FAAA4-DD89-431F-9B00-10F6313E7742}.Debug|ARM.Deploy.0 = Debug|ARM
		{D43FAAA4-DD89-431F-9B00-10F6313E7742}.Debug|iPhone.ActiveCfg = Debug|x86
		{D43FAAA4-DD89-431F-9B00-10F6313E7742}.Debug|iPhoneSimulator.ActiveCfg = Debug|x86
		{D43FAAA4-DD89-431F-9B00-10F6313E7742}.Debug|x64.ActiveCfg = Debug|x64
		{D43FAAA4-DD89-431F-9B00-10F6313E7742}.Debug|x64.Build.0 = Debug|x64
		{D43FAAA4-DD89-431F-9B00-10F6313E7742}.Debug|x64.Deploy.0 = Debug|x64
		{D43FAAA4-DD89-431F-9B00-10F6313E7742}.Debug|x86.ActiveCfg = Debug|x86
		{D43FAAA4-DD89-431F-9B00-10F6313E7742}.Debug|x86.Build.0 = Debug|x86
		{D43FAAA4-DD89-431F-9B00-10F6313E7742}.Debug|x86.Deploy.0 = Debug|x86
		{D43FAAA4-DD89-431F-9B00-10F6313E7742}.Release|Any CPU.ActiveCfg = Release|x86
		{D43FAAA4-DD89-431F-9B00-10F6313E7742}.Release|ARM.ActiveCfg = Release|ARM
		{D43FAAA4-DD89-431F-9B00-10F6313E7742}.Release|ARM.Build.0 = Release|ARM
		{D43FAAA4-DD89-431F-9B00-10F6313E7742}.Release|ARM.Deploy.0 = Release|ARM
		{D43FAAA4-DD89-431F-9B00-10F6313E7742}.Release|iPhone.ActiveCfg = Release|x86
		{D43FAAA4-DD89-431F-9B00-10F6313E7742}.Release|iPhoneSimulator.ActiveCfg = Release|x86
		{D43FAAA4-DD89-431F-9B00-10F6313E7742}.Release|x64.ActiveCfg = Release|x64
		{D43FAAA4-DD89-431F-9B00-10F6313E7742}.Release|x64.Build.0 = Release|x64
		{D43FAAA4-DD89-431F-9B00-10F6313E7742}.Release|x64.Deploy.0 = Release|x64
		{D43FAAA4-DD89-431F-9B00-10F6313E7742}.Release|x86.ActiveCfg = Release|x86
		{D43FAAA4-DD89-431F-9B00-10F6313E7742}.Release|x86.Build.0 = Release|x86
		{D43FAAA4-DD89-431F-9B00-10F6313E7742}.Release|x86.Deploy.0 = Release|x86
		{F487A96B-BA0D-4484-BF0E-9D3B4733C32C}.Ad-Hoc|Any CPU.ActiveCfg = Release|Any CPU
		{F487A96B-BA0D-4484-BF0E-9D3B4733C32C}.Ad-Hoc|Any CPU.Build.0 = Release|Any CPU
		{F487A96B-BA0D-4484-BF0E-9D3B4733C32C}.Ad-Hoc|Any CPU.Deploy.0 = Release|Any CPU
		{F487A96B-BA0D-4484-BF0E-9D3B4733C32C}.Ad-Hoc|ARM.ActiveCfg = Release|ARM
		{F487A96B-BA0D-4484-BF0E-9D3B4733C32C}.Ad-Hoc|ARM.Build.0 = Release|ARM
		{F487A96B-BA0D-4484-BF0E-9D3B4733C32C}.Ad-Hoc|ARM.Deploy.0 = Release|ARM
		{F487A96B-BA0D-4484-BF0E-9D3B4733C32C}.Ad-Hoc|iPhone.ActiveCfg = Release|Any CPU
		{F487A96B-BA0D-4484-BF0E-9D3B4733C32C}.Ad-Hoc|iPhone.Build.0 = Release|Any CPU
		{F487A96B-BA0D-4484-BF0E-9D3B4733C32C}.Ad-Hoc|iPhone.Deploy.0 = Release|Any CPU
		{F487A96B-BA0D-4484-BF0E-9D3B4733C32C}.Ad-Hoc|iPhoneSimulator.ActiveCfg = Release|Any CPU
		{F487A96B-BA0D-4484-BF0E-9D3B4733C32C}.Ad-Hoc|iPhoneSimulator.Build.0 = Release|Any CPU
		{F487A96B-BA0D-4484-BF0E-9D3B4733C32C}.Ad-Hoc|iPhoneSimulator.Deploy.0 = Release|Any CPU
		{F487A96B-BA0D-4484-BF0E-9D3B4733C32C}.Ad-Hoc|x64.ActiveCfg = Release|x64
		{F487A96B-BA0D-4484-BF0E-9D3B4733C32C}.Ad-Hoc|x64.Build.0 = Release|x64
		{F487A96B-BA0D-4484-BF0E-9D3B4733C32C}.Ad-Hoc|x64.Deploy.0 = Release|x64
		{F487A96B-BA0D-4484-BF0E-9D3B4733C32C}.Ad-Hoc|x86.ActiveCfg = Release|x86
		{F487A96B-BA0D-4484-BF0E-9D3B4733C32C}.Ad-Hoc|x86.Build.0 = Release|x86
		{F487A96B-BA0D-4484-BF0E-9D3B4733C32C}.Ad-Hoc|x86.Deploy.0 = Release|x86
		{F487A96B-BA0D-4484-BF0E-9D3B4733C32C}.AppStore|Any CPU.ActiveCfg = Release|Any CPU
		{F487A96B-BA0D-4484-BF0E-9D3B4733C32C}.AppStore|Any CPU.Build.0 = Release|Any CPU
		{F487A96B-BA0D-4484-BF0E-9D3B4733C32C}.AppStore|Any CPU.Deploy.0 = Release|Any CPU
		{F487A96B-BA0D-4484-BF0E-9D3B4733C32C}.AppStore|ARM.ActiveCfg = Release|ARM
		{F487A96B-BA0D-4484-BF0E-9D3B4733C32C}.AppStore|ARM.Build.0 = Release|ARM
		{F487A96B-BA0D-4484-BF0E-9D3B4733C32C}.AppStore|ARM.Deploy.0 = Release|ARM
		{F487A96B-BA0D-4484-BF0E-9D3B4733C32C}.AppStore|iPhone.ActiveCfg = Release|Any CPU
		{F487A96B-BA0D-4484-BF0E-9D3B4733C32C}.AppStore|iPhone.Build.0 = Release|Any CPU
		{F487A96B-BA0D-4484-BF0E-9D3B4733C32C}.AppStore|iPhone.Deploy.0 = Release|Any CPU
		{F487A96B-BA0D-4484-BF0E-9D3B4733C32C}.AppStore|iPhoneSimulator.ActiveCfg = Release|Any CPU
		{F487A96B-BA0D-4484-BF0E-9D3B4733C32C}.AppStore|iPhoneSimulator.Build.0 = Release|Any CPU
		{F487A96B-BA0D-4484-BF0E-9D3B4733C32C}.AppStore|iPhoneSimulator.Deploy.0 = Release|Any CPU
		{F487A96B-BA0D-4484-BF0E-9D3B4733C32C}.AppStore|x64.ActiveCfg = Release|x64
		{F487A96B-BA0D-4484-BF0E-9D3B4733C32C}.AppStore|x64.Build.0 = Release|x64
		{F487A96B-BA0D-4484-BF0E-9D3B4733C32C}.AppStore|x64.Deploy.0 = Release|x64
		{F487A96B-BA0D-4484-BF0E-9D3B4733C32C}.AppStore|x86.ActiveCfg = Release|x86
		{F487A96B-BA0D-4484-BF0E-9D3B4733C32C}.AppStore|x86.Build.0 = Release|x86
		{F487A96B-BA0D-4484-BF0E-9D3B4733C32C}.AppStore|x86.Deploy.0 = Release|x86
		{F487A96B-BA0D-4484-BF0E-9D3B4733C32C}.Debug|Any CPU.ActiveCfg = Debug|Any CPU
		{F487A96B-BA0D-4484-BF0E-9D3B4733C32C}.Debug|Any CPU.Build.0 = Debug|Any CPU
		{F487A96B-BA0D-4484-BF0E-9D3B4733C32C}.Debug|Any CPU.Deploy.0 = Debug|Any CPU
		{F487A96B-BA0D-4484-BF0E-9D3B4733C32C}.Debug|ARM.ActiveCfg = Debug|ARM
		{F487A96B-BA0D-4484-BF0E-9D3B4733C32C}.Debug|ARM.Build.0 = Debug|ARM
		{F487A96B-BA0D-4484-BF0E-9D3B4733C32C}.Debug|ARM.Deploy.0 = Debug|ARM
		{F487A96B-BA0D-4484-BF0E-9D3B4733C32C}.Debug|iPhone.ActiveCfg = Debug|Any CPU
		{F487A96B-BA0D-4484-BF0E-9D3B4733C32C}.Debug|iPhone.Build.0 = Debug|Any CPU
		{F487A96B-BA0D-4484-BF0E-9D3B4733C32C}.Debug|iPhone.Deploy.0 = Debug|Any CPU
		{F487A96B-BA0D-4484-BF0E-9D3B4733C32C}.Debug|iPhoneSimulator.ActiveCfg = Debug|Any CPU
		{F487A96B-BA0D-4484-BF0E-9D3B4733C32C}.Debug|iPhoneSimulator.Build.0 = Debug|Any CPU
		{F487A96B-BA0D-4484-BF0E-9D3B4733C32C}.Debug|iPhoneSimulator.Deploy.0 = Debug|Any CPU
		{F487A96B-BA0D-4484-BF0E-9D3B4733C32C}.Debug|x64.ActiveCfg = Debug|x64
		{F487A96B-BA0D-4484-BF0E-9D3B4733C32C}.Debug|x64.Build.0 = Debug|x64
		{F487A96B-BA0D-4484-BF0E-9D3B4733C32C}.Debug|x64.Deploy.0 = Debug|x64
		{F487A96B-BA0D-4484-BF0E-9D3B4733C32C}.Debug|x86.ActiveCfg = Debug|x86
		{F487A96B-BA0D-4484-BF0E-9D3B4733C32C}.Debug|x86.Build.0 = Debug|x86
		{F487A96B-BA0D-4484-BF0E-9D3B4733C32C}.Debug|x86.Deploy.0 = Debug|x86
		{F487A96B-BA0D-4484-BF0E-9D3B4733C32C}.Release|Any CPU.ActiveCfg = Release|Any CPU
		{F487A96B-BA0D-4484-BF0E-9D3B4733C32C}.Release|Any CPU.Build.0 = Release|Any CPU
		{F487A96B-BA0D-4484-BF0E-9D3B4733C32C}.Release|Any CPU.Deploy.0 = Release|Any CPU
		{F487A96B-BA0D-4484-BF0E-9D3B4733C32C}.Release|ARM.ActiveCfg = Release|ARM
		{F487A96B-BA0D-4484-BF0E-9D3B4733C32C}.Release|ARM.Build.0 = Release|ARM
		{F487A96B-BA0D-4484-BF0E-9D3B4733C32C}.Release|ARM.Deploy.0 = Release|ARM
		{F487A96B-BA0D-4484-BF0E-9D3B4733C32C}.Release|iPhone.ActiveCfg = Release|Any CPU
		{F487A96B-BA0D-4484-BF0E-9D3B4733C32C}.Release|iPhone.Build.0 = Release|Any CPU
		{F487A96B-BA0D-4484-BF0E-9D3B4733C32C}.Release|iPhone.Deploy.0 = Release|Any CPU
		{F487A96B-BA0D-4484-BF0E-9D3B4733C32C}.Release|iPhoneSimulator.ActiveCfg = Release|Any CPU
		{F487A96B-BA0D-4484-BF0E-9D3B4733C32C}.Release|iPhoneSimulator.Build.0 = Release|Any CPU
		{F487A96B-BA0D-4484-BF0E-9D3B4733C32C}.Release|iPhoneSimulator.Deploy.0 = Release|Any CPU
		{F487A96B-BA0D-4484-BF0E-9D3B4733C32C}.Release|x64.ActiveCfg = Release|x64
		{F487A96B-BA0D-4484-BF0E-9D3B4733C32C}.Release|x64.Build.0 = Release|x64
		{F487A96B-BA0D-4484-BF0E-9D3B4733C32C}.Release|x64.Deploy.0 = Release|x64
		{F487A96B-BA0D-4484-BF0E-9D3B4733C32C}.Release|x86.ActiveCfg = Release|x86
		{F487A96B-BA0D-4484-BF0E-9D3B4733C32C}.Release|x86.Build.0 = Release|x86
		{F487A96B-BA0D-4484-BF0E-9D3B4733C32C}.Release|x86.Deploy.0 = Release|x86
		{078473A6-F57E-462F-946C-8E6F9221A77B}.Ad-Hoc|Any CPU.ActiveCfg = Release|Any CPU
		{078473A6-F57E-462F-946C-8E6F9221A77B}.Ad-Hoc|Any CPU.Build.0 = Release|Any CPU
		{078473A6-F57E-462F-946C-8E6F9221A77B}.Ad-Hoc|ARM.ActiveCfg = Release|Any CPU
		{078473A6-F57E-462F-946C-8E6F9221A77B}.Ad-Hoc|ARM.Build.0 = Release|Any CPU
		{078473A6-F57E-462F-946C-8E6F9221A77B}.Ad-Hoc|iPhone.ActiveCfg = Release|Any CPU
		{078473A6-F57E-462F-946C-8E6F9221A77B}.Ad-Hoc|iPhone.Build.0 = Release|Any CPU
		{078473A6-F57E-462F-946C-8E6F9221A77B}.Ad-Hoc|iPhoneSimulator.ActiveCfg = Release|Any CPU
		{078473A6-F57E-462F-946C-8E6F9221A77B}.Ad-Hoc|iPhoneSimulator.Build.0 = Release|Any CPU
		{078473A6-F57E-462F-946C-8E6F9221A77B}.Ad-Hoc|x64.ActiveCfg = Release|Any CPU
		{078473A6-F57E-462F-946C-8E6F9221A77B}.Ad-Hoc|x64.Build.0 = Release|Any CPU
		{078473A6-F57E-462F-946C-8E6F9221A77B}.Ad-Hoc|x86.ActiveCfg = Release|Any CPU
		{078473A6-F57E-462F-946C-8E6F9221A77B}.Ad-Hoc|x86.Build.0 = Release|Any CPU
		{078473A6-F57E-462F-946C-8E6F9221A77B}.AppStore|Any CPU.ActiveCfg = Release|Any CPU
		{078473A6-F57E-462F-946C-8E6F9221A77B}.AppStore|Any CPU.Build.0 = Release|Any CPU
		{078473A6-F57E-462F-946C-8E6F9221A77B}.AppStore|ARM.ActiveCfg = Release|Any CPU
		{078473A6-F57E-462F-946C-8E6F9221A77B}.AppStore|ARM.Build.0 = Release|Any CPU
		{078473A6-F57E-462F-946C-8E6F9221A77B}.AppStore|iPhone.ActiveCfg = Release|Any CPU
		{078473A6-F57E-462F-946C-8E6F9221A77B}.AppStore|iPhone.Build.0 = Release|Any CPU
		{078473A6-F57E-462F-946C-8E6F9221A77B}.AppStore|iPhoneSimulator.ActiveCfg = Release|Any CPU
		{078473A6-F57E-462F-946C-8E6F9221A77B}.AppStore|iPhoneSimulator.Build.0 = Release|Any CPU
		{078473A6-F57E-462F-946C-8E6F9221A77B}.AppStore|x64.ActiveCfg = Release|Any CPU
		{078473A6-F57E-462F-946C-8E6F9221A77B}.AppStore|x64.Build.0 = Release|Any CPU
		{078473A6-F57E-462F-946C-8E6F9221A77B}.AppStore|x86.ActiveCfg = Release|Any CPU
		{078473A6-F57E-462F-946C-8E6F9221A77B}.AppStore|x86.Build.0 = Release|Any CPU
		{078473A6-F57E-462F-946C-8E6F9221A77B}.Debug|Any CPU.ActiveCfg = Debug|Any CPU
		{078473A6-F57E-462F-946C-8E6F9221A77B}.Debug|Any CPU.Build.0 = Debug|Any CPU
		{078473A6-F57E-462F-946C-8E6F9221A77B}.Debug|ARM.ActiveCfg = Debug|Any CPU
		{078473A6-F57E-462F-946C-8E6F9221A77B}.Debug|ARM.Build.0 = Debug|Any CPU
		{078473A6-F57E-462F-946C-8E6F9221A77B}.Debug|iPhone.ActiveCfg = Debug|Any CPU
		{078473A6-F57E-462F-946C-8E6F9221A77B}.Debug|iPhone.Build.0 = Debug|Any CPU
		{078473A6-F57E-462F-946C-8E6F9221A77B}.Debug|iPhoneSimulator.ActiveCfg = Debug|Any CPU
		{078473A6-F57E-462F-946C-8E6F9221A77B}.Debug|iPhoneSimulator.Build.0 = Debug|Any CPU
		{078473A6-F57E-462F-946C-8E6F9221A77B}.Debug|x64.ActiveCfg = Debug|Any CPU
		{078473A6-F57E-462F-946C-8E6F9221A77B}.Debug|x64.Build.0 = Debug|Any CPU
		{078473A6-F57E-462F-946C-8E6F9221A77B}.Debug|x86.ActiveCfg = Debug|Any CPU
		{078473A6-F57E-462F-946C-8E6F9221A77B}.Debug|x86.Build.0 = Debug|Any CPU
		{078473A6-F57E-462F-946C-8E6F9221A77B}.Release|Any CPU.ActiveCfg = Release|Any CPU
		{078473A6-F57E-462F-946C-8E6F9221A77B}.Release|Any CPU.Build.0 = Release|Any CPU
		{078473A6-F57E-462F-946C-8E6F9221A77B}.Release|ARM.ActiveCfg = Release|Any CPU
		{078473A6-F57E-462F-946C-8E6F9221A77B}.Release|ARM.Build.0 = Release|Any CPU
		{078473A6-F57E-462F-946C-8E6F9221A77B}.Release|iPhone.ActiveCfg = Release|Any CPU
		{078473A6-F57E-462F-946C-8E6F9221A77B}.Release|iPhone.Build.0 = Release|Any CPU
		{078473A6-F57E-462F-946C-8E6F9221A77B}.Release|iPhoneSimulator.ActiveCfg = Release|Any CPU
		{078473A6-F57E-462F-946C-8E6F9221A77B}.Release|iPhoneSimulator.Build.0 = Release|Any CPU
		{078473A6-F57E-462F-946C-8E6F9221A77B}.Release|x64.ActiveCfg = Release|Any CPU
		{078473A6-F57E-462F-946C-8E6F9221A77B}.Release|x64.Build.0 = Release|Any CPU
		{078473A6-F57E-462F-946C-8E6F9221A77B}.Release|x86.ActiveCfg = Release|Any CPU
		{078473A6-F57E-462F-946C-8E6F9221A77B}.Release|x86.Build.0 = Release|Any CPU
		{67F9D3A8-F71E-4428-913F-C37AE82CDB24}.Ad-Hoc|Any CPU.ActiveCfg = Release|Any CPU
		{67F9D3A8-F71E-4428-913F-C37AE82CDB24}.Ad-Hoc|Any CPU.Build.0 = Release|Any CPU
		{67F9D3A8-F71E-4428-913F-C37AE82CDB24}.Ad-Hoc|ARM.ActiveCfg = Release|Any CPU
		{67F9D3A8-F71E-4428-913F-C37AE82CDB24}.Ad-Hoc|ARM.Build.0 = Release|Any CPU
		{67F9D3A8-F71E-4428-913F-C37AE82CDB24}.Ad-Hoc|iPhone.ActiveCfg = Release|Any CPU
		{67F9D3A8-F71E-4428-913F-C37AE82CDB24}.Ad-Hoc|iPhone.Build.0 = Release|Any CPU
		{67F9D3A8-F71E-4428-913F-C37AE82CDB24}.Ad-Hoc|iPhoneSimulator.ActiveCfg = Release|Any CPU
		{67F9D3A8-F71E-4428-913F-C37AE82CDB24}.Ad-Hoc|iPhoneSimulator.Build.0 = Release|Any CPU
		{67F9D3A8-F71E-4428-913F-C37AE82CDB24}.Ad-Hoc|x64.ActiveCfg = Release|Any CPU
		{67F9D3A8-F71E-4428-913F-C37AE82CDB24}.Ad-Hoc|x64.Build.0 = Release|Any CPU
		{67F9D3A8-F71E-4428-913F-C37AE82CDB24}.Ad-Hoc|x86.ActiveCfg = Release|Any CPU
		{67F9D3A8-F71E-4428-913F-C37AE82CDB24}.Ad-Hoc|x86.Build.0 = Release|Any CPU
		{67F9D3A8-F71E-4428-913F-C37AE82CDB24}.AppStore|Any CPU.ActiveCfg = Release|Any CPU
		{67F9D3A8-F71E-4428-913F-C37AE82CDB24}.AppStore|Any CPU.Build.0 = Release|Any CPU
		{67F9D3A8-F71E-4428-913F-C37AE82CDB24}.AppStore|ARM.ActiveCfg = Release|Any CPU
		{67F9D3A8-F71E-4428-913F-C37AE82CDB24}.AppStore|ARM.Build.0 = Release|Any CPU
		{67F9D3A8-F71E-4428-913F-C37AE82CDB24}.AppStore|iPhone.ActiveCfg = Release|Any CPU
		{67F9D3A8-F71E-4428-913F-C37AE82CDB24}.AppStore|iPhone.Build.0 = Release|Any CPU
		{67F9D3A8-F71E-4428-913F-C37AE82CDB24}.AppStore|iPhoneSimulator.ActiveCfg = Release|Any CPU
		{67F9D3A8-F71E-4428-913F-C37AE82CDB24}.AppStore|iPhoneSimulator.Build.0 = Release|Any CPU
		{67F9D3A8-F71E-4428-913F-C37AE82CDB24}.AppStore|x64.ActiveCfg = Release|Any CPU
		{67F9D3A8-F71E-4428-913F-C37AE82CDB24}.AppStore|x64.Build.0 = Release|Any CPU
		{67F9D3A8-F71E-4428-913F-C37AE82CDB24}.AppStore|x86.ActiveCfg = Release|Any CPU
		{67F9D3A8-F71E-4428-913F-C37AE82CDB24}.AppStore|x86.Build.0 = Release|Any CPU
		{67F9D3A8-F71E-4428-913F-C37AE82CDB24}.Debug|Any CPU.ActiveCfg = Debug|Any CPU
		{67F9D3A8-F71E-4428-913F-C37AE82CDB24}.Debug|Any CPU.Build.0 = Debug|Any CPU
		{67F9D3A8-F71E-4428-913F-C37AE82CDB24}.Debug|ARM.ActiveCfg = Debug|Any CPU
		{67F9D3A8-F71E-4428-913F-C37AE82CDB24}.Debug|ARM.Build.0 = Debug|Any CPU
		{67F9D3A8-F71E-4428-913F-C37AE82CDB24}.Debug|iPhone.ActiveCfg = Debug|Any CPU
		{67F9D3A8-F71E-4428-913F-C37AE82CDB24}.Debug|iPhone.Build.0 = Debug|Any CPU
		{67F9D3A8-F71E-4428-913F-C37AE82CDB24}.Debug|iPhoneSimulator.ActiveCfg = Debug|Any CPU
		{67F9D3A8-F71E-4428-913F-C37AE82CDB24}.Debug|iPhoneSimulator.Build.0 = Debug|Any CPU
		{67F9D3A8-F71E-4428-913F-C37AE82CDB24}.Debug|x64.ActiveCfg = Debug|Any CPU
		{67F9D3A8-F71E-4428-913F-C37AE82CDB24}.Debug|x64.Build.0 = Debug|Any CPU
		{67F9D3A8-F71E-4428-913F-C37AE82CDB24}.Debug|x86.ActiveCfg = Debug|Any CPU
		{67F9D3A8-F71E-4428-913F-C37AE82CDB24}.Debug|x86.Build.0 = Debug|Any CPU
		{67F9D3A8-F71E-4428-913F-C37AE82CDB24}.Release|Any CPU.ActiveCfg = Release|Any CPU
		{67F9D3A8-F71E-4428-913F-C37AE82CDB24}.Release|Any CPU.Build.0 = Release|Any CPU
		{67F9D3A8-F71E-4428-913F-C37AE82CDB24}.Release|ARM.ActiveCfg = Release|Any CPU
		{67F9D3A8-F71E-4428-913F-C37AE82CDB24}.Release|ARM.Build.0 = Release|Any CPU
		{67F9D3A8-F71E-4428-913F-C37AE82CDB24}.Release|iPhone.ActiveCfg = Release|Any CPU
		{67F9D3A8-F71E-4428-913F-C37AE82CDB24}.Release|iPhone.Build.0 = Release|Any CPU
		{67F9D3A8-F71E-4428-913F-C37AE82CDB24}.Release|iPhoneSimulator.ActiveCfg = Release|Any CPU
		{67F9D3A8-F71E-4428-913F-C37AE82CDB24}.Release|iPhoneSimulator.Build.0 = Release|Any CPU
		{67F9D3A8-F71E-4428-913F-C37AE82CDB24}.Release|x64.ActiveCfg = Release|Any CPU
		{67F9D3A8-F71E-4428-913F-C37AE82CDB24}.Release|x64.Build.0 = Release|Any CPU
		{67F9D3A8-F71E-4428-913F-C37AE82CDB24}.Release|x86.ActiveCfg = Release|Any CPU
		{67F9D3A8-F71E-4428-913F-C37AE82CDB24}.Release|x86.Build.0 = Release|Any CPU
		{5F720DFA-4041-4A4D-85FE-767067068532}.Ad-Hoc|Any CPU.ActiveCfg = Release|Any CPU
		{5F720DFA-4041-4A4D-85FE-767067068532}.Ad-Hoc|Any CPU.Build.0 = Release|Any CPU
		{5F720DFA-4041-4A4D-85FE-767067068532}.Ad-Hoc|ARM.ActiveCfg = Release|Any CPU
		{5F720DFA-4041-4A4D-85FE-767067068532}.Ad-Hoc|ARM.Build.0 = Release|Any CPU
		{5F720DFA-4041-4A4D-85FE-767067068532}.Ad-Hoc|iPhone.ActiveCfg = Release|Any CPU
		{5F720DFA-4041-4A4D-85FE-767067068532}.Ad-Hoc|iPhone.Build.0 = Release|Any CPU
		{5F720DFA-4041-4A4D-85FE-767067068532}.Ad-Hoc|iPhoneSimulator.ActiveCfg = Release|Any CPU
		{5F720DFA-4041-4A4D-85FE-767067068532}.Ad-Hoc|iPhoneSimulator.Build.0 = Release|Any CPU
		{5F720DFA-4041-4A4D-85FE-767067068532}.Ad-Hoc|x64.ActiveCfg = Release|Any CPU
		{5F720DFA-4041-4A4D-85FE-767067068532}.Ad-Hoc|x64.Build.0 = Release|Any CPU
		{5F720DFA-4041-4A4D-85FE-767067068532}.Ad-Hoc|x86.ActiveCfg = Release|Any CPU
		{5F720DFA-4041-4A4D-85FE-767067068532}.Ad-Hoc|x86.Build.0 = Release|Any CPU
		{5F720DFA-4041-4A4D-85FE-767067068532}.AppStore|Any CPU.ActiveCfg = Release|Any CPU
		{5F720DFA-4041-4A4D-85FE-767067068532}.AppStore|Any CPU.Build.0 = Release|Any CPU
		{5F720DFA-4041-4A4D-85FE-767067068532}.AppStore|ARM.ActiveCfg = Release|Any CPU
		{5F720DFA-4041-4A4D-85FE-767067068532}.AppStore|ARM.Build.0 = Release|Any CPU
		{5F720DFA-4041-4A4D-85FE-767067068532}.AppStore|iPhone.ActiveCfg = Release|Any CPU
		{5F720DFA-4041-4A4D-85FE-767067068532}.AppStore|iPhone.Build.0 = Release|Any CPU
		{5F720DFA-4041-4A4D-85FE-767067068532}.AppStore|iPhoneSimulator.ActiveCfg = Release|Any CPU
		{5F720DFA-4041-4A4D-85FE-767067068532}.AppStore|iPhoneSimulator.Build.0 = Release|Any CPU
		{5F720DFA-4041-4A4D-85FE-767067068532}.AppStore|x64.ActiveCfg = Release|Any CPU
		{5F720DFA-4041-4A4D-85FE-767067068532}.AppStore|x64.Build.0 = Release|Any CPU
		{5F720DFA-4041-4A4D-85FE-767067068532}.AppStore|x86.ActiveCfg = Release|Any CPU
		{5F720DFA-4041-4A4D-85FE-767067068532}.AppStore|x86.Build.0 = Release|Any CPU
		{5F720DFA-4041-4A4D-85FE-767067068532}.Debug|Any CPU.ActiveCfg = Debug|Any CPU
		{5F720DFA-4041-4A4D-85FE-767067068532}.Debug|Any CPU.Build.0 = Debug|Any CPU
		{5F720DFA-4041-4A4D-85FE-767067068532}.Debug|ARM.ActiveCfg = Debug|Any CPU
		{5F720DFA-4041-4A4D-85FE-767067068532}.Debug|ARM.Build.0 = Debug|Any CPU
		{5F720DFA-4041-4A4D-85FE-767067068532}.Debug|iPhone.ActiveCfg = Debug|Any CPU
		{5F720DFA-4041-4A4D-85FE-767067068532}.Debug|iPhone.Build.0 = Debug|Any CPU
		{5F720DFA-4041-4A4D-85FE-767067068532}.Debug|iPhoneSimulator.ActiveCfg = Debug|Any CPU
		{5F720DFA-4041-4A4D-85FE-767067068532}.Debug|iPhoneSimulator.Build.0 = Debug|Any CPU
		{5F720DFA-4041-4A4D-85FE-767067068532}.Debug|x64.ActiveCfg = Debug|Any CPU
		{5F720DFA-4041-4A4D-85FE-767067068532}.Debug|x64.Build.0 = Debug|Any CPU
		{5F720DFA-4041-4A4D-85FE-767067068532}.Debug|x86.ActiveCfg = Debug|Any CPU
		{5F720DFA-4041-4A4D-85FE-767067068532}.Debug|x86.Build.0 = Debug|Any CPU
		{5F720DFA-4041-4A4D-85FE-767067068532}.Release|Any CPU.ActiveCfg = Release|Any CPU
		{5F720DFA-4041-4A4D-85FE-767067068532}.Release|Any CPU.Build.0 = Release|Any CPU
		{5F720DFA-4041-4A4D-85FE-767067068532}.Release|ARM.ActiveCfg = Release|Any CPU
		{5F720DFA-4041-4A4D-85FE-767067068532}.Release|ARM.Build.0 = Release|Any CPU
		{5F720DFA-4041-4A4D-85FE-767067068532}.Release|iPhone.ActiveCfg = Release|Any CPU
		{5F720DFA-4041-4A4D-85FE-767067068532}.Release|iPhone.Build.0 = Release|Any CPU
		{5F720DFA-4041-4A4D-85FE-767067068532}.Release|iPhoneSimulator.ActiveCfg = Release|Any CPU
		{5F720DFA-4041-4A4D-85FE-767067068532}.Release|iPhoneSimulator.Build.0 = Release|Any CPU
		{5F720DFA-4041-4A4D-85FE-767067068532}.Release|x64.ActiveCfg = Release|Any CPU
		{5F720DFA-4041-4A4D-85FE-767067068532}.Release|x64.Build.0 = Release|Any CPU
		{5F720DFA-4041-4A4D-85FE-767067068532}.Release|x86.ActiveCfg = Release|Any CPU
		{5F720DFA-4041-4A4D-85FE-767067068532}.Release|x86.Build.0 = Release|Any CPU
		{53CBEE22-B827-4425-9251-5D6DCA979CC6}.Ad-Hoc|Any CPU.ActiveCfg = Release|Any CPU
		{53CBEE22-B827-4425-9251-5D6DCA979CC6}.Ad-Hoc|Any CPU.Build.0 = Release|Any CPU
		{53CBEE22-B827-4425-9251-5D6DCA979CC6}.Ad-Hoc|ARM.ActiveCfg = Release|Any CPU
		{53CBEE22-B827-4425-9251-5D6DCA979CC6}.Ad-Hoc|ARM.Build.0 = Release|Any CPU
		{53CBEE22-B827-4425-9251-5D6DCA979CC6}.Ad-Hoc|iPhone.ActiveCfg = Release|Any CPU
		{53CBEE22-B827-4425-9251-5D6DCA979CC6}.Ad-Hoc|iPhone.Build.0 = Release|Any CPU
		{53CBEE22-B827-4425-9251-5D6DCA979CC6}.Ad-Hoc|iPhoneSimulator.ActiveCfg = Release|Any CPU
		{53CBEE22-B827-4425-9251-5D6DCA979CC6}.Ad-Hoc|iPhoneSimulator.Build.0 = Release|Any CPU
		{53CBEE22-B827-4425-9251-5D6DCA979CC6}.Ad-Hoc|x64.ActiveCfg = Release|Any CPU
		{53CBEE22-B827-4425-9251-5D6DCA979CC6}.Ad-Hoc|x64.Build.0 = Release|Any CPU
		{53CBEE22-B827-4425-9251-5D6DCA979CC6}.Ad-Hoc|x86.ActiveCfg = Release|Any CPU
		{53CBEE22-B827-4425-9251-5D6DCA979CC6}.Ad-Hoc|x86.Build.0 = Release|Any CPU
		{53CBEE22-B827-4425-9251-5D6DCA979CC6}.AppStore|Any CPU.ActiveCfg = Release|Any CPU
		{53CBEE22-B827-4425-9251-5D6DCA979CC6}.AppStore|Any CPU.Build.0 = Release|Any CPU
		{53CBEE22-B827-4425-9251-5D6DCA979CC6}.AppStore|ARM.ActiveCfg = Release|Any CPU
		{53CBEE22-B827-4425-9251-5D6DCA979CC6}.AppStore|ARM.Build.0 = Release|Any CPU
		{53CBEE22-B827-4425-9251-5D6DCA979CC6}.AppStore|iPhone.ActiveCfg = Release|Any CPU
		{53CBEE22-B827-4425-9251-5D6DCA979CC6}.AppStore|iPhone.Build.0 = Release|Any CPU
		{53CBEE22-B827-4425-9251-5D6DCA979CC6}.AppStore|iPhoneSimulator.ActiveCfg = Release|Any CPU
		{53CBEE22-B827-4425-9251-5D6DCA979CC6}.AppStore|iPhoneSimulator.Build.0 = Release|Any CPU
		{53CBEE22-B827-4425-9251-5D6DCA979CC6}.AppStore|x64.ActiveCfg = Release|Any CPU
		{53CBEE22-B827-4425-9251-5D6DCA979CC6}.AppStore|x64.Build.0 = Release|Any CPU
		{53CBEE22-B827-4425-9251-5D6DCA979CC6}.AppStore|x86.ActiveCfg = Release|Any CPU
		{53CBEE22-B827-4425-9251-5D6DCA979CC6}.AppStore|x86.Build.0 = Release|Any CPU
		{53CBEE22-B827-4425-9251-5D6DCA979CC6}.Debug|Any CPU.ActiveCfg = Debug|Any CPU
		{53CBEE22-B827-4425-9251-5D6DCA979CC6}.Debug|Any CPU.Build.0 = Debug|Any CPU
		{53CBEE22-B827-4425-9251-5D6DCA979CC6}.Debug|ARM.ActiveCfg = Debug|Any CPU
		{53CBEE22-B827-4425-9251-5D6DCA979CC6}.Debug|ARM.Build.0 = Debug|Any CPU
		{53CBEE22-B827-4425-9251-5D6DCA979CC6}.Debug|iPhone.ActiveCfg = Debug|Any CPU
		{53CBEE22-B827-4425-9251-5D6DCA979CC6}.Debug|iPhone.Build.0 = Debug|Any CPU
		{53CBEE22-B827-4425-9251-5D6DCA979CC6}.Debug|iPhoneSimulator.ActiveCfg = Debug|Any CPU
		{53CBEE22-B827-4425-9251-5D6DCA979CC6}.Debug|iPhoneSimulator.Build.0 = Debug|Any CPU
		{53CBEE22-B827-4425-9251-5D6DCA979CC6}.Debug|x64.ActiveCfg = Debug|Any CPU
		{53CBEE22-B827-4425-9251-5D6DCA979CC6}.Debug|x64.Build.0 = Debug|Any CPU
		{53CBEE22-B827-4425-9251-5D6DCA979CC6}.Debug|x86.ActiveCfg = Debug|Any CPU
		{53CBEE22-B827-4425-9251-5D6DCA979CC6}.Debug|x86.Build.0 = Debug|Any CPU
		{53CBEE22-B827-4425-9251-5D6DCA979CC6}.Release|Any CPU.ActiveCfg = Release|Any CPU
		{53CBEE22-B827-4425-9251-5D6DCA979CC6}.Release|Any CPU.Build.0 = Release|Any CPU
		{53CBEE22-B827-4425-9251-5D6DCA979CC6}.Release|ARM.ActiveCfg = Release|Any CPU
		{53CBEE22-B827-4425-9251-5D6DCA979CC6}.Release|ARM.Build.0 = Release|Any CPU
		{53CBEE22-B827-4425-9251-5D6DCA979CC6}.Release|iPhone.ActiveCfg = Release|Any CPU
		{53CBEE22-B827-4425-9251-5D6DCA979CC6}.Release|iPhone.Build.0 = Release|Any CPU
		{53CBEE22-B827-4425-9251-5D6DCA979CC6}.Release|iPhoneSimulator.ActiveCfg = Release|Any CPU
		{53CBEE22-B827-4425-9251-5D6DCA979CC6}.Release|iPhoneSimulator.Build.0 = Release|Any CPU
		{53CBEE22-B827-4425-9251-5D6DCA979CC6}.Release|x64.ActiveCfg = Release|Any CPU
		{53CBEE22-B827-4425-9251-5D6DCA979CC6}.Release|x64.Build.0 = Release|Any CPU
		{53CBEE22-B827-4425-9251-5D6DCA979CC6}.Release|x86.ActiveCfg = Release|Any CPU
		{53CBEE22-B827-4425-9251-5D6DCA979CC6}.Release|x86.Build.0 = Release|Any CPU
	EndGlobalSection
	GlobalSection(SolutionProperties) = preSolution
		HideSolutionNode = FALSE
	EndGlobalSection
EndGlobal
